
Microsoft Visual Studio Solution File, Format Version 12.00
# Visual Studio Version 17
VisualStudioVersion = 17.9.34701.34
MinimumVisualStudioVersion = 10.0.40219.1
Project("{FAE04EC0-301F-11D3-BF4B-00C04F79EFBC}") = "StockAppWithXUnit", "StockAppWithXUnit.csproj", "{D939C2A3-8D95-4977-91F6-CB2E3AADDF75}"
EndProject
Project("{FAE04EC0-301F-11D3-BF4B-00C04F79EFBC}") = "Entities", "..\Entities\Entities.csproj", "{BD350286-7DBD-4FF0-80EE-9F7F78E1DF4D}"
EndProject
Project("{FAE04EC0-301F-11D3-BF4B-00C04F79EFBC}") = "ServiceContract", "..\ServiceContract\ServiceContract.csproj", "{46227FD1-498D-4547-8E4C-F9265260D218}"
EndProject
Project("{FAE04EC0-301F-11D3-BF4B-00C04F79EFBC}") = "Services", "..\Services\Services.csproj", "{4F509D44-E4C9-4BAF-8D20-AF3EE43006A7}"
EndProject
Project("{FAE04EC0-301F-11D3-BF4B-00C04F79EFBC}") = "StockAppTests", "..\StockAppTests\StockAppTests.csproj", "{FD4E3952-9DCE-4514-AAC0-BE35D52D3344}"
EndProject
Global
	GlobalSection(SolutionConfigurationPlatforms) = preSolution
		Debug|Any CPU = Debug|Any CPU
		Release|Any CPU = Release|Any CPU
	EndGlobalSection
	GlobalSection(ProjectConfigurationPlatforms) = postSolution
		{D939C2A3-8D95-4977-91F6-CB2E3AADDF75}.Debug|Any CPU.ActiveCfg = Debug|Any CPU
		{D939C2A3-8D95-4977-91F6-CB2E3AADDF75}.Debug|Any CPU.Build.0 = Debug|Any CPU
		{D939C2A3-8D95-4977-91F6-CB2E3AADDF75}.Release|Any CPU.ActiveCfg = Release|Any CPU
		{D939C2A3-8D95-4977-91F6-CB2E3AADDF75}.Release|Any CPU.Build.0 = Release|Any CPU
		{BD350286-7DBD-4FF0-80EE-9F7F78E1DF4D}.Debug|Any CPU.ActiveCfg = Debug|Any CPU
		{BD350286-7DBD-4FF0-80EE-9F7F78E1DF4D}.Debug|Any CPU.Build.0 = Debug|Any CPU
		{BD350286-7DBD-4FF0-80EE-9F7F78E1DF4D}.Release|Any CPU.ActiveCfg = Release|Any CPU
		{BD350286-7DBD-4FF0-80EE-9F7F78E1DF4D}.Release|Any CPU.Build.0 = Release|Any CPU
		{46227FD1-498D-4547-8E4C-F9265260D218}.Debug|Any CPU.ActiveCfg = Debug|Any CPU
		{46227FD1-498D-4547-8E4C-F9265260D218}.Debug|Any CPU.Build.0 = Debug|Any CPU
		{46227FD1-498D-4547-8E4C-F9265260D218}.Release|Any CPU.ActiveCfg = Release|Any CPU
		{46227FD1-498D-4547-8E4C-F9265260D218}.Release|Any CPU.Build.0 = Release|Any CPU
		{4F509D44-E4C9-4BAF-8D20-AF3EE43006A7}.Debug|Any CPU.ActiveCfg = Debug|Any CPU
		{4F509D44-E4C9-4BAF-8D20-AF3EE43006A7}.Debug|Any CPU.Build.0 = Debug|Any CPU
		{4F509D44-E4C9-4BAF-8D20-AF3EE43006A7}.Release|Any CPU.ActiveCfg = Release|Any CPU
		{4F509D44-E4C9-4BAF-8D20-AF3EE43006A7}.Release|Any CPU.Build.0 = Release|Any CPU
		{FD4E3952-9DCE-4514-AAC0-BE35D52D3344}.Debug|Any CPU.ActiveCfg = Debug|Any CPU
		{FD4E3952-9DCE-4514-AAC0-BE35D52D3344}.Debug|Any CPU.Build.0 = Debug|Any CPU
		{FD4E3952-9DCE-4514-AAC0-BE35D52D3344}.Release|Any CPU.ActiveCfg = Release|Any CPU
		{FD4E3952-9DCE-4514-AAC0-BE35D52D3344}.Release|Any CPU.Build.0 = Release|Any CPU
	EndGlobalSection
	GlobalSection(SolutionProperties) = preSolution
		HideSolutionNode = FALSE
	EndGlobalSection
	GlobalSection(ExtensibilityGlobals) = postSolution
		SolutionGuid = {33357951-9715-48FA-801E-F51AB2376A25}
	EndGlobalSection
EndGlobal
