
Microsoft Visual Studio Solution File, Format Version 12.00
# Visual Studio Version 17
VisualStudioVersion = 17.9.34701.34
MinimumVisualStudioVersion = 10.0.40219.1
Project("{FAE04EC0-301F-11D3-BF4B-00C04F79EFBC}") = "WeatherAppWithDI", "WeatherAppWithDI.csproj", "{527B9E2D-8015-4582-B362-123EF1EA99D1}"
EndProject
Project("{FAE04EC0-301F-11D3-BF4B-00C04F79EFBC}") = "ServiceInterface", "..\ServiceInterface\ServiceInterface.csproj", "{6F748691-BD69-43BB-91AF-8EB1EA069C4B}"
EndProject
Project("{FAE04EC0-301F-11D3-BF4B-00C04F79EFBC}") = "ServiceProvider", "..\ServiceProvider\ServiceProvider.csproj", "{96EED0A6-8312-4B59-A438-B7C08A30F947}"
EndProject
Global
	GlobalSection(SolutionConfigurationPlatforms) = preSolution
		Debug|Any CPU = Debug|Any CPU
		Release|Any CPU = Release|Any CPU
	EndGlobalSection
	GlobalSection(ProjectConfigurationPlatforms) = postSolution
		{527B9E2D-8015-4582-B362-123EF1EA99D1}.Debug|Any CPU.ActiveCfg = Debug|Any CPU
		{527B9E2D-8015-4582-B362-123EF1EA99D1}.Debug|Any CPU.Build.0 = Debug|Any CPU
		{527B9E2D-8015-4582-B362-123EF1EA99D1}.Release|Any CPU.ActiveCfg = Release|Any CPU
		{527B9E2D-8015-4582-B362-123EF1EA99D1}.Release|Any CPU.Build.0 = Release|Any CPU
		{6F748691-BD69-43BB-91AF-8EB1EA069C4B}.Debug|Any CPU.ActiveCfg = Debug|Any CPU
		{6F748691-BD69-43BB-91AF-8EB1EA069C4B}.Debug|Any CPU.Build.0 = Debug|Any CPU
		{6F748691-BD69-43BB-91AF-8EB1EA069C4B}.Release|Any CPU.ActiveCfg = Release|Any CPU
		{6F748691-BD69-43BB-91AF-8EB1EA069C4B}.Release|Any CPU.Build.0 = Release|Any CPU
		{96EED0A6-8312-4B59-A438-B7C08A30F947}.Debug|Any CPU.ActiveCfg = Debug|Any CPU
		{96EED0A6-8312-4B59-A438-B7C08A30F947}.Debug|Any CPU.Build.0 = Debug|Any CPU
		{96EED0A6-8312-4B59-A438-B7C08A30F947}.Release|Any CPU.ActiveCfg = Release|Any CPU
		{96EED0A6-8312-4B59-A438-B7C08A30F947}.Release|Any CPU.Build.0 = Release|Any CPU
	EndGlobalSection
	GlobalSection(SolutionProperties) = preSolution
		HideSolutionNode = FALSE
	EndGlobalSection
	GlobalSection(ExtensibilityGlobals) = postSolution
		SolutionGuid = {36745C5F-A3CC-42D3-9D68-8B08FE322998}
	EndGlobalSection
EndGlobal
