
Microsoft Visual Studio Solution File, Format Version 12.00
# Visual Studio Version 17
VisualStudioVersion = 17.9.34701.34
MinimumVisualStudioVersion = 10.0.40219.1
Project("{9A19103F-16F7-4668-BE54-9A1E7A4F7556}") = "ContactsManagerApp", "ContactsManagerApp.csproj", "{7EAA495B-A240-466E-B33A-BDCD099C566E}"
EndProject
Project("{9A19103F-16F7-4668-BE54-9A1E7A4F7556}") = "CRUDTests", "..\CRUDTests\CRUDTests.csproj", "{0715BBF1-F8F9-48DB-8E3A-B71AB43F7ACC}"
EndProject
Project("{FAE04EC0-301F-11D3-BF4B-00C04F79EFBC}") = "Entities", "..\Entities\Entities.csproj", "{07F993C2-E7E3-45C9-9118-2C2CFCE3FDAD}"
EndProject
Project("{FAE04EC0-301F-11D3-BF4B-00C04F79EFBC}") = "ServiceContract", "..\ServiceContract\ServiceContract.csproj", "{1744C673-DBD7-4A9B-B15B-BF5C3E4926C3}"
EndProject
Project("{FAE04EC0-301F-11D3-BF4B-00C04F79EFBC}") = "Services", "..\Services\Services.csproj", "{A6B87390-A181-4D64-8CC0-2F446428D64E}"
EndProject
Global
	GlobalSection(SolutionConfigurationPlatforms) = preSolution
		Debug|Any CPU = Debug|Any CPU
		Release|Any CPU = Release|Any CPU
	EndGlobalSection
	GlobalSection(ProjectConfigurationPlatforms) = postSolution
		{7EAA495B-A240-466E-B33A-BDCD099C566E}.Debug|Any CPU.ActiveCfg = Debug|Any CPU
		{7EAA495B-A240-466E-B33A-BDCD099C566E}.Debug|Any CPU.Build.0 = Debug|Any CPU
		{7EAA495B-A240-466E-B33A-BDCD099C566E}.Release|Any CPU.ActiveCfg = Release|Any CPU
		{7EAA495B-A240-466E-B33A-BDCD099C566E}.Release|Any CPU.Build.0 = Release|Any CPU
		{0715BBF1-F8F9-48DB-8E3A-B71AB43F7ACC}.Debug|Any CPU.ActiveCfg = Debug|Any CPU
		{0715BBF1-F8F9-48DB-8E3A-B71AB43F7ACC}.Debug|Any CPU.Build.0 = Debug|Any CPU
		{0715BBF1-F8F9-48DB-8E3A-B71AB43F7ACC}.Release|Any CPU.ActiveCfg = Release|Any CPU
		{0715BBF1-F8F9-48DB-8E3A-B71AB43F7ACC}.Release|Any CPU.Build.0 = Release|Any CPU
		{07F993C2-E7E3-45C9-9118-2C2CFCE3FDAD}.Debug|Any CPU.ActiveCfg = Debug|Any CPU
		{07F993C2-E7E3-45C9-9118-2C2CFCE3FDAD}.Debug|Any CPU.Build.0 = Debug|Any CPU
		{07F993C2-E7E3-45C9-9118-2C2CFCE3FDAD}.Release|Any CPU.ActiveCfg = Release|Any CPU
		{07F993C2-E7E3-45C9-9118-2C2CFCE3FDAD}.Release|Any CPU.Build.0 = Release|Any CPU
		{1744C673-DBD7-4A9B-B15B-BF5C3E4926C3}.Debug|Any CPU.ActiveCfg = Debug|Any CPU
		{1744C673-DBD7-4A9B-B15B-BF5C3E4926C3}.Debug|Any CPU.Build.0 = Debug|Any CPU
		{1744C673-DBD7-4A9B-B15B-BF5C3E4926C3}.Release|Any CPU.ActiveCfg = Release|Any CPU
		{1744C673-DBD7-4A9B-B15B-BF5C3E4926C3}.Release|Any CPU.Build.0 = Release|Any CPU
		{A6B87390-A181-4D64-8CC0-2F446428D64E}.Debug|Any CPU.ActiveCfg = Debug|Any CPU
		{A6B87390-A181-4D64-8CC0-2F446428D64E}.Debug|Any CPU.Build.0 = Debug|Any CPU
		{A6B87390-A181-4D64-8CC0-2F446428D64E}.Release|Any CPU.ActiveCfg = Release|Any CPU
		{A6B87390-A181-4D64-8CC0-2F446428D64E}.Release|Any CPU.Build.0 = Release|Any CPU
	EndGlobalSection
	GlobalSection(SolutionProperties) = preSolution
		HideSolutionNode = FALSE
	EndGlobalSection
	GlobalSection(ExtensibilityGlobals) = postSolution
		SolutionGuid = {38935AF8-58EC-40F0-B230-B88F07E2C8F7}
	EndGlobalSection
EndGlobal
